
Microsoft Visual Studio Solution File, Format Version 12.00
# Visual Studio Version 17
VisualStudioVersion = 17.7.34031.279
MinimumVisualStudioVersion = 10.0.40219.1
Project("{FAE04EC0-301F-11D3-BF4B-00C04F79EFBC}") = "AudioEditor", "AudioEditor\AudioEditor.csproj", "{623ECECD-436C-4C5C-9EE0-34A462977B88}"
EndProject
Global
	GlobalSection(SolutionConfigurationPlatforms) = preSolution
		Debug|Any CPU = Debug|Any CPU
		Release|Any CPU = Release|Any CPU
	EndGlobalSection
	GlobalSection(ProjectConfigurationPlatforms) = postSolution
		{623ECECD-436C-4C5C-9EE0-34A462977B88}.Debug|Any CPU.ActiveCfg = Debug|Any CPU
		{623ECECD-436C-4C5C-9EE0-34A462977B88}.Debug|Any CPU.Build.0 = Debug|Any CPU
		{623ECECD-436C-4C5C-9EE0-34A462977B88}.Release|Any CPU.ActiveCfg = Release|Any CPU
		{623ECECD-436C-4C5C-9EE0-34A462977B88}.Release|Any CPU.Build.0 = Release|Any CPU
	EndGlobalSection
	GlobalSection(SolutionProperties) = preSolution
		HideSolutionNode = FALSE
	EndGlobalSection
	GlobalSection(ExtensibilityGlobals) = postSolution
		SolutionGuid = {AC31E4AD-ECE5-4EF6-9BB7-AC2258687775}
	EndGlobalSection
EndGlobal
